
Microsoft Visual Studio Solution File, Format Version 12.00
# Visual Studio 15
VisualStudioVersion = 15.0.28307.271
MinimumVisualStudioVersion = 10.0.40219.1
Project("{FAE04EC0-301F-11D3-BF4B-00C04F79EFBC}") = "Studiepunten_Domain", "Studiepunten_Domain\Studiepunten_Domain.csproj", "{D9C6D016-0630-48F6-8A73-83015E0AFFF8}"
EndProject
Project("{FAE04EC0-301F-11D3-BF4B-00C04F79EFBC}") = "test", "test\test.csproj", "{CFC5DBC5-52F6-4103-9CEF-4E79305D36FB}"
EndProject
Project("{FAE04EC0-301F-11D3-BF4B-00C04F79EFBC}") = "Tijdelijke_WPF_GIP", "Tijdelijke_WPF_GIP\Tijdelijke_WPF_GIP.csproj", "{8EB431EE-9B5E-45E1-97F4-69A5683F6317}"
EndProject
Global
	GlobalSection(SolutionConfigurationPlatforms) = preSolution
		Debug|Any CPU = Debug|Any CPU
		Release|Any CPU = Release|Any CPU
	EndGlobalSection
	GlobalSection(ProjectConfigurationPlatforms) = postSolution
		{D9C6D016-0630-48F6-8A73-83015E0AFFF8}.Debug|Any CPU.ActiveCfg = Debug|Any CPU
		{D9C6D016-0630-48F6-8A73-83015E0AFFF8}.Debug|Any CPU.Build.0 = Debug|Any CPU
		{D9C6D016-0630-48F6-8A73-83015E0AFFF8}.Release|Any CPU.ActiveCfg = Release|Any CPU
		{D9C6D016-0630-48F6-8A73-83015E0AFFF8}.Release|Any CPU.Build.0 = Release|Any CPU
		{CFC5DBC5-52F6-4103-9CEF-4E79305D36FB}.Debug|Any CPU.ActiveCfg = Debug|Any CPU
		{CFC5DBC5-52F6-4103-9CEF-4E79305D36FB}.Debug|Any CPU.Build.0 = Debug|Any CPU
		{CFC5DBC5-52F6-4103-9CEF-4E79305D36FB}.Release|Any CPU.ActiveCfg = Release|Any CPU
		{CFC5DBC5-52F6-4103-9CEF-4E79305D36FB}.Release|Any CPU.Build.0 = Release|Any CPU
		{8EB431EE-9B5E-45E1-97F4-69A5683F6317}.Debug|Any CPU.ActiveCfg = Debug|Any CPU
		{8EB431EE-9B5E-45E1-97F4-69A5683F6317}.Debug|Any CPU.Build.0 = Debug|Any CPU
		{8EB431EE-9B5E-45E1-97F4-69A5683F6317}.Release|Any CPU.ActiveCfg = Release|Any CPU
		{8EB431EE-9B5E-45E1-97F4-69A5683F6317}.Release|Any CPU.Build.0 = Release|Any CPU
	EndGlobalSection
	GlobalSection(SolutionProperties) = preSolution
		HideSolutionNode = FALSE
	EndGlobalSection
	GlobalSection(ExtensibilityGlobals) = postSolution
		SolutionGuid = {B1CA3741-560F-4BC6-8B36-CD80792717ED}
	EndGlobalSection
EndGlobal
